{
  "name": "BreakthroughAI",
  "version": "1.0.0",
  "lockfileVersion": 1,
  "requires": true,
  "dependencies": {
    "metrix-js": {
      "version": "1.0.1",
      "resolved": "https://registry.npmjs.org/metrix-js/-/metrix-js-1.0.1.tgz",
      "integrity": "sha1-8N2cH7I4slgqtLxyN7oevLHlli8="
    }
  }
}
